
Microsoft Visual Studio Solution File, Format Version 12.00
# Visual Studio Version 17
VisualStudioVersion = 17.1.32228.430
MinimumVisualStudioVersion = 10.0.40219.1
Project("{9A19103F-16F7-4668-BE54-9A1E7A4F7556}") = "DurationHelper", "DurationHelper\DurationHelper.csproj", "{707A4FAC-50CE-4883-908B-3757E3795A55}"
EndProject
Project("{9A19103F-16F7-4668-BE54-9A1E7A4F7556}") = "FunctionApp", "FunctionApp\FunctionApp.csproj", "{F6CDA707-B398-4305-86F9-B7D11BD894EB}"
EndProject
Project("{FAE04EC0-301F-11D3-BF4B-00C04F79EFBC}") = "DurationHelper.Tests", "DurationHelper.Tests\DurationHelper.Tests.csproj", "{BE7A03AD-B30B-4460-9917-E977B29D51AA}"
EndProject
Global
	GlobalSection(SolutionConfigurationPlatforms) = preSolution
		Debug|Any CPU = Debug|Any CPU
		Release|Any CPU = Release|Any CPU
	EndGlobalSection
	GlobalSection(ProjectConfigurationPlatforms) = postSolution
		{707A4FAC-50CE-4883-908B-3757E3795A55}.Debug|Any CPU.ActiveCfg = Debug|Any CPU
		{707A4FAC-50CE-4883-908B-3757E3795A55}.Debug|Any CPU.Build.0 = Debug|Any CPU
		{707A4FAC-50CE-4883-908B-3757E3795A55}.Release|Any CPU.ActiveCfg = Release|Any CPU
		{707A4FAC-50CE-4883-908B-3757E3795A55}.Release|Any CPU.Build.0 = Release|Any CPU
		{F6CDA707-B398-4305-86F9-B7D11BD894EB}.Debug|Any CPU.ActiveCfg = Debug|Any CPU
		{F6CDA707-B398-4305-86F9-B7D11BD894EB}.Debug|Any CPU.Build.0 = Debug|Any CPU
		{F6CDA707-B398-4305-86F9-B7D11BD894EB}.Release|Any CPU.ActiveCfg = Release|Any CPU
		{F6CDA707-B398-4305-86F9-B7D11BD894EB}.Release|Any CPU.Build.0 = Release|Any CPU
		{BE7A03AD-B30B-4460-9917-E977B29D51AA}.Debug|Any CPU.ActiveCfg = Debug|Any CPU
		{BE7A03AD-B30B-4460-9917-E977B29D51AA}.Debug|Any CPU.Build.0 = Debug|Any CPU
		{BE7A03AD-B30B-4460-9917-E977B29D51AA}.Release|Any CPU.ActiveCfg = Release|Any CPU
		{BE7A03AD-B30B-4460-9917-E977B29D51AA}.Release|Any CPU.Build.0 = Release|Any CPU
	EndGlobalSection
	GlobalSection(SolutionProperties) = preSolution
		HideSolutionNode = FALSE
	EndGlobalSection
	GlobalSection(ExtensibilityGlobals) = postSolution
		SolutionGuid = {774AF8E4-20DE-4420-97C6-A4947A5BC7D5}
	EndGlobalSection
EndGlobal
